[[package]]
name = "mvp"
version = "0.1.0"
dependencies = [
 "nom 3.0.0 (registry+https://github.com/rust-lang/crates.io-index)",
 "unicode-xid 0.1.0 (registry+https://github.com/rust-lang/crates.io-index)",
]

[[package]]
name = "nom"
version = "3.0.0"
source = "registry+https://github.com/rust-lang/crates.io-index"

[[package]]
name = "unicode-xid"
version = "0.1.0"
source = "registry+https://github.com/rust-lang/crates.io-index"

[metadata]
"checksum nom 3.0.0 (registry+https://github.com/rust-lang/crates.io-index)" = "5388009f277d5d889ee01f0ba92e3620c759402cdf52a8d40e9ac06969ee3c88"
"checksum unicode-xid 0.1.0 (registry+https://github.com/rust-lang/crates.io-index)" = "fc72304796d0818e357ead4e000d19c9c174ab23dc11093ac919054d20a6a7fc"
